
Microsoft Visual Studio Solution File, Format Version 12.00
# Visual Studio Version 17
VisualStudioVersion = 17.3.32929.385
MinimumVisualStudioVersion = 10.0.40219.1
Project("{FAE04EC0-301F-11D3-BF4B-00C04F79EFBC}") = "Assingment2-HorseRacing-AnyaScheinman", "Assingment2-HorseRacing-AnyaScheinman\Assingment2-HorseRacing-AnyaScheinman.csproj", "{95275AA4-D4D1-4254-911B-9E17D0A3EA46}"
EndProject
Global
	GlobalSection(SolutionConfigurationPlatforms) = preSolution
		Debug|Any CPU = Debug|Any CPU
		Release|Any CPU = Release|Any CPU
	EndGlobalSection
	GlobalSection(ProjectConfigurationPlatforms) = postSolution
		{95275AA4-D4D1-4254-911B-9E17D0A3EA46}.Debug|Any CPU.ActiveCfg = Debug|Any CPU
		{95275AA4-D4D1-4254-911B-9E17D0A3EA46}.Debug|Any CPU.Build.0 = Debug|Any CPU
		{95275AA4-D4D1-4254-911B-9E17D0A3EA46}.Release|Any CPU.ActiveCfg = Release|Any CPU
		{95275AA4-D4D1-4254-911B-9E17D0A3EA46}.Release|Any CPU.Build.0 = Release|Any CPU
	EndGlobalSection
	GlobalSection(SolutionProperties) = preSolution
		HideSolutionNode = FALSE
	EndGlobalSection
	GlobalSection(ExtensibilityGlobals) = postSolution
		SolutionGuid = {8D708BD7-2FA8-42F9-B238-637A37A90BB9}
	EndGlobalSection
EndGlobal
